
Microsoft Visual Studio Solution File, Format Version 12.00
# Visual Studio Version 17
VisualStudioVersion = 17.1.32210.238
MinimumVisualStudioVersion = 10.0.40219.1
Project("{8BC9CEB8-8B4A-11D0-8D11-00A0C91BC942}") = "ProgrammerSelf-cultivation", "ProgrammerSelf-cultivation\ProgrammerSelf-cultivation.vcxproj", "{26392BF3-6936-4565-B2A3-5A72FE3F8069}"
EndProject
Project("{8BC9CEB8-8B4A-11D0-8D11-00A0C91BC942}") = "AdvancedWindows5th", "AdvancedWindows5th\AdvancedWindows5th.vcxproj", "{724C906E-3FD1-4C38-8F73-B0B93B9A69F8}"
EndProject
Project("{8BC9CEB8-8B4A-11D0-8D11-00A0C91BC942}") = "CppPractise", "CppPractise\CppPractise.vcxproj", "{298A85B2-FC3C-4BEA-A86D-1939FDB2C7D5}"
EndProject
Project("{8BC9CEB8-8B4A-11D0-8D11-00A0C91BC942}") = "Algorithm", "Algorithm\Algorithm.vcxproj", "{18924716-2A05-438A-AF84-AA78EF136620}"
EndProject
Global
	GlobalSection(SolutionConfigurationPlatforms) = preSolution
		Debug|x64 = Debug|x64
		Debug|x86 = Debug|x86
		Release|x64 = Release|x64
		Release|x86 = Release|x86
	EndGlobalSection
	GlobalSection(ProjectConfigurationPlatforms) = postSolution
		{26392BF3-6936-4565-B2A3-5A72FE3F8069}.Debug|x64.ActiveCfg = Debug|x64
		{26392BF3-6936-4565-B2A3-5A72FE3F8069}.Debug|x64.Build.0 = Debug|x64
		{26392BF3-6936-4565-B2A3-5A72FE3F8069}.Debug|x86.ActiveCfg = Debug|Win32
		{26392BF3-6936-4565-B2A3-5A72FE3F8069}.Debug|x86.Build.0 = Debug|Win32
		{26392BF3-6936-4565-B2A3-5A72FE3F8069}.Release|x64.ActiveCfg = Release|x64
		{26392BF3-6936-4565-B2A3-5A72FE3F8069}.Release|x64.Build.0 = Release|x64
		{26392BF3-6936-4565-B2A3-5A72FE3F8069}.Release|x86.ActiveCfg = Release|Win32
		{26392BF3-6936-4565-B2A3-5A72FE3F8069}.Release|x86.Build.0 = Release|Win32
		{724C906E-3FD1-4C38-8F73-B0B93B9A69F8}.Debug|x64.ActiveCfg = Debug|x64
		{724C906E-3FD1-4C38-8F73-B0B93B9A69F8}.Debug|x64.Build.0 = Debug|x64
		{724C906E-3FD1-4C38-8F73-B0B93B9A69F8}.Debug|x86.ActiveCfg = Debug|Win32
		{724C906E-3FD1-4C38-8F73-B0B93B9A69F8}.Debug|x86.Build.0 = Debug|Win32
		{724C906E-3FD1-4C38-8F73-B0B93B9A69F8}.Release|x64.ActiveCfg = Release|x64
		{724C906E-3FD1-4C38-8F73-B0B93B9A69F8}.Release|x64.Build.0 = Release|x64
		{724C906E-3FD1-4C38-8F73-B0B93B9A69F8}.Release|x86.ActiveCfg = Release|Win32
		{724C906E-3FD1-4C38-8F73-B0B93B9A69F8}.Release|x86.Build.0 = Release|Win32
		{298A85B2-FC3C-4BEA-A86D-1939FDB2C7D5}.Debug|x64.ActiveCfg = Debug|x64
		{298A85B2-FC3C-4BEA-A86D-1939FDB2C7D5}.Debug|x64.Build.0 = Debug|x64
		{298A85B2-FC3C-4BEA-A86D-1939FDB2C7D5}.Debug|x86.ActiveCfg = Debug|Win32
		{298A85B2-FC3C-4BEA-A86D-1939FDB2C7D5}.Debug|x86.Build.0 = Debug|Win32
		{298A85B2-FC3C-4BEA-A86D-1939FDB2C7D5}.Release|x64.ActiveCfg = Release|x64
		{298A85B2-FC3C-4BEA-A86D-1939FDB2C7D5}.Release|x64.Build.0 = Release|x64
		{298A85B2-FC3C-4BEA-A86D-1939FDB2C7D5}.Release|x86.ActiveCfg = Release|Win32
		{298A85B2-FC3C-4BEA-A86D-1939FDB2C7D5}.Release|x86.Build.0 = Release|Win32
		{18924716-2A05-438A-AF84-AA78EF136620}.Debug|x64.ActiveCfg = Debug|x64
		{18924716-2A05-438A-AF84-AA78EF136620}.Debug|x64.Build.0 = Debug|x64
		{18924716-2A05-438A-AF84-AA78EF136620}.Debug|x86.ActiveCfg = Debug|Win32
		{18924716-2A05-438A-AF84-AA78EF136620}.Debug|x86.Build.0 = Debug|Win32
		{18924716-2A05-438A-AF84-AA78EF136620}.Release|x64.ActiveCfg = Release|x64
		{18924716-2A05-438A-AF84-AA78EF136620}.Release|x64.Build.0 = Release|x64
		{18924716-2A05-438A-AF84-AA78EF136620}.Release|x86.ActiveCfg = Release|Win32
		{18924716-2A05-438A-AF84-AA78EF136620}.Release|x86.Build.0 = Release|Win32
	EndGlobalSection
	GlobalSection(SolutionProperties) = preSolution
		HideSolutionNode = FALSE
	EndGlobalSection
	GlobalSection(ExtensibilityGlobals) = postSolution
		SolutionGuid = {5869A853-5568-478E-AD68-44A2B3809E17}
	EndGlobalSection
EndGlobal
